# THIS IS AN AUTOGENERATED FILE. DO NOT EDIT THIS FILE DIRECTLY.
# yarn lockfile v1


"@babel/cli@^7.14.5":
  "integrity" "sha1-lVGxlPAjYHKd5gYHhbvczlLGnwo= sha512-poegjhRvXHWO0EAsnYajwYZuqcz7gyfxwfaecUESxDujrqOivf3zrjFbub8IJkrqEaz3fvJWh001EzxBub54fg=="
  "resolved" "https://registry.yarnpkg.com/@babel/cli/-/cli-7.14.5.tgz"
  "version" "7.14.5"

"@babel/core@^7.14.6":
  "integrity" "sha1-4IFOwalQAy/xbBOich3jmoQW/Ks= sha512-gJnOEWSqTk96qG5BoIrl5bVtc23DCycmIePPYnamY9RboYdI4nFy5vAQMSl81O5K/W0sLDWfGysnOECC+KUUCA=="
  "resolved" "https://registry.yarnpkg.com/@babel/core/-/core-7.14.6.tgz"
  "version" "7.14.6"

"@babel/plugin-proposal-class-properties@^7.14.5":
  "integrity" "sha1-QNHuFAxbHjGjUPT17tlFCWVZtC4= sha512-q/PLpv5Ko4dVc1LYMpCY7RVAAO4uk55qPwrIuJ5QJ8c6cVuAmhu7I/49JOppXL6gXf7ZHzpRVEUZdYoPLM04Gg=="
  "resolved" "https://registry.yarnpkg.com/@babel/plugin-proposal-class-properties/-/plugin-proposal-class-properties-7.14.5.tgz"
  "version" "7.14.5"

"@babel/preset-env@^7.14.7":
  "integrity" "sha1-XHCyLUwtiTsD2MiGpcF0IlArkyo= sha512-itOGqCKLsSUl0Y+1nSfhbuuOlTs0MJk2Iv7iSH+XT/mR8U1zRLO7NjWlYXB47yhK4J/7j+HYty/EhFZDYKa/VA=="
  "resolved" "https://registry.yarnpkg.com/@babel/preset-env/-/preset-env-7.14.7.tgz"
  "version" "7.14.7"

"@babel/preset-react@^7.14.5":
  "integrity" "sha1-D7t2lRP4mcLFbzqIL6eWc8LUqzw= sha512-XFxBkjyObLvBaAvkx1Ie95Iaq4S/GUEIrejyrntQ/VCMKUYvKLoyKxOBzJ2kjA3b6rC9/KL6KXfDC2GqvLiNqQ=="
  "resolved" "https://registry.yarnpkg.com/@babel/preset-react/-/preset-react-7.14.5.tgz"
  "version" "7.14.5"

"@rollup/plugin-babel@^5.3.0":
  "integrity" "sha1-nLHFFG3daklorZbyCcUMYvkvmHk= sha512-9uIC8HZOnVLrLHxayq/PTzw+uS25E14KPUBh5ktF+18Mjo5yK0ToMMx6epY0uEgkjwJw0aBW4x2horYXh8juWw=="
  "resolved" "https://registry.yarnpkg.com/@rollup/plugin-babel/-/plugin-babel-5.3.0.tgz"
  "version" "5.3.0"

"@rollup/plugin-node-resolve@^13.0.0":
  "integrity" "sha1-NS8H5DD/N3gJ7I7Ipv1jZUcWLcQ= sha512-41X411HJ3oikIDivT5OKe9EZ6ud6DXudtfNrGbC4nniaxx2esiWjkLOzgnZsWq1IM8YIeL2rzRGLZLBjlhnZtQ=="
  "resolved" "https://registry.yarnpkg.com/@rollup/plugin-node-resolve/-/plugin-node-resolve-13.0.0.tgz"
  "version" "13.0.0"

"array-move@^3.0.1":
  "integrity" "sha1-F5ZFzAmHtllTpPwGtt+QReS6lhg= sha512-H3Of6NIn2nNU1gsVDqDnYKY/LCdWvCMMOWifNGhKcVQgiZ6nOek39aESOvro6zmueP07exSl93YLvkN4fZOkSg=="
  "resolved" "https://registry.yarnpkg.com/array-move/-/array-move-3.0.1.tgz"
  "version" "3.0.1"

"babel-eslint-parser@^7.13.10":
  "integrity" "sha1-tS8slNhAvR1T3i5aFSq4vf237G8= sha512-Co1TrGEv1XiZ5Llga6RnjDehTLuU4FAD2I638iZIwuWqLx6kRVU3ck6C3nINQ+Xvz+Y1VgsBvt0uLdBSFQxpXQ=="
  "resolved" "https://registry.yarnpkg.com/babel-eslint-parser/-/babel-eslint-parser-7.13.10.tgz"
  "version" "7.13.10"

"babel-jest@^27.0.5":
  "integrity" "sha1-zTTAM62gXRNiIR5RUjkf16iAgMg= sha512-bTMAbpCX7ldtfbca2llYLeSFsDM257aspyAOpsdrdSrBqoLkWCy4HPYTXtXWaSLgFPjrJGACL65rzzr4RFGadw=="
  "resolved" "https://registry.yarnpkg.com/babel-jest/-/babel-jest-27.0.5.tgz"
  "version" "27.0.5"

"babel-loader@^8.2.2":
  "integrity" "sha1-k2POhMEMmkDmx1N0jhRBtgyKC4E= sha512-JvTd0/D889PQBtUXJ2PXaKU/pjZDMtHA9V2ecm+eNRmmBCMR09a+fmpGTNwnJtFmFl5Ei7Vy47LjBb+L0wQ99g=="
  "resolved" "https://registry.yarnpkg.com/babel-loader/-/babel-loader-8.2.2.tgz"
  "version" "8.2.2"

"coveralls@^3.1.0":
  "integrity" "sha1-E8dU1eei3YtE/lJp4hyjlPtNYVs= sha512-sHxOu2ELzW8/NC1UP5XVLbZDzO4S3VxfFye3XYCznopHy02YjNkHcj5bKaVw2O7hVaBdBjEdQGpie4II1mWhuQ=="
  "resolved" "https://registry.yarnpkg.com/coveralls/-/coveralls-3.1.0.tgz"
  "version" "3.1.0"

"cross-env@^7.0.3":
  "integrity" "sha1-hlJkspZ33AFbqEGJGJZd0jL8VM8= sha512-+/HKd6EgcQCJGh2PSjZuUitQBQynKor4wrFbRg4DtAgS1aWO+gU52xpH7M9ScGgXSYmAVS9bIJ8EzuaGw0oNAw=="
  "resolved" "https://registry.yarnpkg.com/cross-env/-/cross-env-7.0.3.tgz"
  "version" "7.0.3"

"enzyme-adapter-react-16@^1.15.6":
  "integrity" "sha1-/Wd6ZY1iZhrFr9f39UHxQfgIWQE= sha512-yFlVJCXh8T+mcQo8M6my9sPgeGzj85HSHi6Apgf1Cvq/7EL/J9+1JoJmJsRxZgyTvPMAqOEpRSu/Ii/ZpyOk0g=="
  "resolved" "https://registry.yarnpkg.com/enzyme-adapter-react-16/-/enzyme-adapter-react-16-1.15.6.tgz"
  "version" "1.15.6"

"enzyme-to-json@^3.6.2":
  "integrity" "sha1-lPhcQTvK6KtnvlOwqUtppWDieCM= sha512-Ynm6Z6R6iwQ0g2g1YToz6DWhxVnt8Dy1ijR2zynRKxTyBGA8rCDXU3rs2Qc4OKvUvc2Qoe1bcFK6bnPs20TrTg=="
  "resolved" "https://registry.yarnpkg.com/enzyme-to-json/-/enzyme-to-json-3.6.2.tgz"
  "version" "3.6.2"

"enzyme@^3.11.0":
  "integrity" "sha1-cdaAxYD+k0n29axsd1vD5rennCg= sha512-Dw8/Gs4vRjxY6/6i9wU0V+utmQO9kvh9XLnz3LIudviOnVYDEe2ec+0k+NQoMamn1VrjKgCUOWj5jG/5M5M0Qw=="
  "resolved" "https://registry.yarnpkg.com/enzyme/-/enzyme-3.11.0.tgz"
  "version" "3.11.0"

"eslint-config-prettier@^8.3.0":
  "integrity" "sha1-90cbILb+ipqSVMxoRFQgKIai3Xo= sha512-BgZuLUSeKzvlL/VUjx/Yb787VQ26RU3gGjA3iiFvdsp/2bMfVIWUVP7tjxtjS0e+HP409cPlPvNkQloz8C91ew=="
  "resolved" "https://registry.yarnpkg.com/eslint-config-prettier/-/eslint-config-prettier-8.3.0.tgz"
  "version" "8.3.0"

"eslint-plugin-prettier@^3.4.0":
  "integrity" "sha1-zbrTvx29Kxd+mCVzf+Y7R2oI8Mc= sha512-UDK6rJT6INSfcOo545jiaOwB701uAIt2/dR7WnFQoGCVl1/EMqdANBmwUaqqQ45aXprsTGzSa39LI1PyuRBxxw=="
  "resolved" "https://registry.yarnpkg.com/eslint-plugin-prettier/-/eslint-plugin-prettier-3.4.0.tgz"
  "version" "3.4.0"

"eslint-plugin-react-hooks@^4.2.0":
  "integrity" "sha1-jCKcJo1GiVYzTJQ7tF/IYCgPVVY= sha512-623WEiZJqxR7VdxFCKLI6d6LLpwJkGPYKODnkH3D7WpOG5KM8yWueBd8TLsNAetEJNF5iJmolaAKO3F8yzyVBQ=="
  "resolved" "https://registry.yarnpkg.com/eslint-plugin-react-hooks/-/eslint-plugin-react-hooks-4.2.0.tgz"
  "version" "4.2.0"

"eslint-plugin-react@^7.24.0":
  "integrity" "sha1-6t7fo1Gm82tJCqF/T6mxToQrnrQ= sha512-KJJIx2SYx7PBx3ONe/mEeMz4YE0Lcr7feJTCMyyKb/341NcjuAgim3Acgan89GfPv7nxXK2+0slu0CWXYM4x+Q=="
  "resolved" "https://registry.yarnpkg.com/eslint-plugin-react/-/eslint-plugin-react-7.24.0.tgz"
  "version" "7.24.0"

"eslint@^7.29.0":
  "integrity" "sha1-7ip2SPLnKUheTQvWOD7B3qvIs8A= sha512-82G/JToB9qIy/ArBzIWG9xvvwL3R86AlCjtGw+A29OMZDqhTybz/MByORSukGxeI+YPCR4coYyITKk8BFH9nDA=="
  "resolved" "https://registry.yarnpkg.com/eslint/-/eslint-7.29.0.tgz"
  "version" "7.29.0"

"jest-cli@^27.0.5":
  "integrity" "sha1-81m6BCYkz/uWtxMBCpS/+3SYo3w= sha512-kZqY020QFOFQKVE2knFHirTBElw3/Q0kUbDc3nMfy/x+RQ7zUY89SUuzpHHJoSX1kX7Lq569ncvjNqU3Td/FCA=="
  "resolved" "https://registry.yarnpkg.com/jest-cli/-/jest-cli-27.0.5.tgz"
  "version" "27.0.5"

"jest@^27.0.5":
  "integrity" "sha1-FBgl4QVRSoNMyNbkRnBQno10xfI= sha512-4NlVMS29gE+JOZvgmSAsz3eOjkSsHqjTajlIsah/4MVSmKvf3zFP/TvgcLoWe2UVHiE9KF741sReqhF0p4mqbQ=="
  "resolved" "https://registry.yarnpkg.com/jest/-/jest-27.0.5.tgz"
  "version" "27.0.5"

"jsonp@^0.2.1":
  "integrity" "sha1-pltPoPEL2nGaBUQep7lMVfPhW64="
  "resolved" "https://registry.yarnpkg.com/jsonp/-/jsonp-0.2.1.tgz"
  "version" "0.2.1"

"nps-utils@^1.7.0":
  "integrity" "sha1-iO8nkl7nzZFvFaJfGxpmSOmyGn0= sha512-wq/gUxTR3sgLYTLHlUKwMG2paUV3QdfwMj5aifWpQ60Vv9RQzA6pXDkwrAlMA8SNqoz8FwaGPc1X/7I+qjuYwg=="
  "resolved" "https://registry.yarnpkg.com/nps-utils/-/nps-utils-1.7.0.tgz"
  "version" "1.7.0"

"nps@^5.10.0":
  "integrity" "sha1-y358j+mg0oBhvx1JanGSaU3cYYU= sha512-tye+0hoKq3pB6NhykoPcOzwn4nEvwVvh1kJEDc+21gYordNdaBlkPv8ZlrZkuEWLUeujvS8VQ56KO9QGoPKkEA=="
  "resolved" "https://registry.yarnpkg.com/nps/-/nps-5.10.0.tgz"
  "version" "5.10.0"

"prettier@^2.3.2":
  "integrity" "sha1-7ygKBewlNxLkhiM9tcbyNEHnNC0= sha512-lnJzDfJ66zkMy58OL5/NY5zp70S7Nz6KqcKkXYzn2tMVrNxvbqaBpg7H3qHaLxCJ5lNMsGuM8+ohS7cZrthdLQ=="
  "resolved" "https://registry.yarnpkg.com/prettier/-/prettier-2.3.2.tgz"
  "version" "2.3.2"

"prop-types@^15.7.2":
  "integrity" "sha1-UsQedbjIfnK52TYOAga5ncv/psU= sha512-8QQikdH7//R2vurIJSutZ1smHYTcLpRWEOlHnzcWHmBYrOGUysKwSsrC89BCiFj3CbrfJ/nXFdJepOVrY1GCHQ=="
  "resolved" "https://registry.yarnpkg.com/prop-types/-/prop-types-15.7.2.tgz"
  "version" "15.7.2"

"react-dom@^16.14.0":
  "integrity" "sha1-etg47Cmnd/s8dcOhkPZhz5Kri4k= sha512-1gCeQXDLoIqMgqD3IO2Ah9bnf0w9kzhwN5q4FGnHZ67hBm9yePzB5JJAIQCc8x3pFnNlwFq4RidZggNAAkzWWw=="
  "resolved" "https://registry.yarnpkg.com/react-dom/-/react-dom-16.14.0.tgz"
  "version" "16.14.0"

"react-images@^1.2.0-beta.7":
  "integrity" "sha1-ilgE+KXQiiXmQYDuy0OnfU4CPhY= sha512-/ewkPwkwJDqTmc0HMPccFPE5H4A6JVRCfMahBc2j9DTBPmdANSXAglTlYLgZC8Q7iZQjGFado3OxixSrog/02w=="
  "resolved" "https://registry.yarnpkg.com/react-images/-/react-images-1.2.0-beta.7.tgz"
  "version" "1.2.0-beta.7"

"react-sortable-hoc@^1.11.0":
  "integrity" "sha1-/kAiNiu6/EuDb1EEuWdmCKQKJ48= sha512-v1CDCvdfoR3zLGNp6qsBa4J1BWMEVH25+UKxF/RvQRh+mrB+emqtVHMgZ+WreUiKJoEaiwYoScaueIKhMVBHUg=="
  "resolved" "https://registry.yarnpkg.com/react-sortable-hoc/-/react-sortable-hoc-1.11.0.tgz"
  "version" "1.11.0"

"react-test-renderer@^16.14.0":
  "integrity" "sha1-6YNgCHNI4mDFbU/iMV6XBIDCKK4= sha512-L8yPjqPE5CZO6rKsKXRO/rVPiaCOy0tQQJbC+UjPNlobl5mad59lvPjwFsQHTvL03caVDIVr9x9/OSgDe6I5Eg=="
  "resolved" "https://registry.yarnpkg.com/react-test-renderer/-/react-test-renderer-16.14.0.tgz"
  "version" "16.14.0"

"react@^16.14.0":
  "integrity" "sha1-lNd23dCqo32j7aj8W2sYpMmjEU0= sha512-0X2CImDkJGApiAlcf0ODKIneSwBPhqJawOa5wCtKbu7ZECrmS26NvtSILynQ66cgkT/RJ4LidJOc3bUESwmU8g=="
  "resolved" "https://registry.yarnpkg.com/react/-/react-16.14.0.tgz"
  "version" "16.14.0"

"resize-observer-polyfill@^1.5.1":
  "integrity" "sha1-DpAg3T0hAkRY1OvSfiPkAmmBBGQ= sha512-LwZrotdHOo12nQuZlHEmtuXdqGoOD0OhaxopaNFxWzInpEgaLWoVuAMbTzixuosCx2nEG58ngzW3vxdWoxIgdg=="
  "resolved" "https://registry.yarnpkg.com/resize-observer-polyfill/-/resize-observer-polyfill-1.5.1.tgz"
  "version" "1.5.1"

"rollup@^2.52.3":
  "integrity" "sha1-Bi/DyF9nc21nWHSTEM/uZINsTio= sha512-QF3Sju8Kl2z0osI4unyOLyUudyhOMK6G0AeqJWgfiyigqLAlnNrfBcDWDx+f1cqn+JU2iIYVkDrgQ6/KtwEfrg=="
  "resolved" "https://registry.yarnpkg.com/rollup/-/rollup-2.52.3.tgz"
  "version" "2.52.3"

"webpack-cli@^3.3.12":
  "integrity" "sha1-lOmtoIFFPNCqYJyZ5QABL9OtLUo= sha512-NVWBaz9k839ZH/sinurM+HcDvJOTXwSjYp1ku+5XKeOC03z8v5QitnK/x+lAxGXFyhdayoIf/GOpv85z3/xPag=="
  "resolved" "https://registry.yarnpkg.com/webpack-cli/-/webpack-cli-3.3.12.tgz"
  "version" "3.3.12"

"webpack-dev-server@^3.11.2":
  "integrity" "sha1-aV687Xakkp8NXef9c/r+GF/jNwg= sha512-A80BkuHRQfCiNtGBS1EMf2ChTUs0x+B3wGDFmOeT4rmJOHhHTCH2naNxIHhmkr0/UillP4U3yeIyv1pNp+QDLQ=="
  "resolved" "https://registry.yarnpkg.com/webpack-dev-server/-/webpack-dev-server-3.11.2.tgz"
  "version" "3.11.2"

"webpack@^4.46.0":
  "integrity" "sha1-v5tEBOogoHNgXgoBHRiNd8tq1UI= sha512-6jJuJjg8znb/xRItk7bkT0+Q7AHCYjjFnvKIWQPkNIOyRqoCGvkOs0ipeQzrqz4l5FtN5ZI/ukEHroeX/o1/5Q=="
  "resolved" "https://registry.yarnpkg.com/webpack/-/webpack-4.46.0.tgz"
  "version" "4.46.0"
